{
  "version": 4,
  "terraform_version": "1.7.0",
  "serial": 147,
  "lineage": "56d1bd8d-6540-cda1-7bb6-72d4f1983c65",
  "outputs": {
    "k8s-master-ip": {
      "value": "10.0.0.10",
      "type": "string"
    },
    "k8s-worker1-ip": {
      "value": "10.0.0.11",
      "type": "string"
    },
    "k8s-worker2-ip": {
      "value": "10.0.0.12",
      "type": "string"
    }
  },
  "resources": [
    {
      "mode": "managed",
      "type": "proxmox_vm_qemu",
      "name": "k8s-worker2",
      "provider": "provider[\"registry.terraform.io/telmate/proxmox\"]",
      "instances": [
        {
          "schema_version": 0,
          "attributes": {
            "additional_wait": 5,
            "agent": 1,
            "agent_timeout": null,
            "args": "",
            "automatic_reboot": true,
            "balloon": 0,
            "bios": "seabios",
            "boot": "c",
            "bootdisk": "scsi0",
            "ci_wait": null,
            "cicustom": null,
            "cipassword": "",
            "ciupgrade": false,
            "ciuser": "debian",
            "clone": "debian-template",
            "clone_wait": 10,
            "cores": 2,
            "cpu": "host",
            "default_ipv4_address": "10.0.0.12",
            "default_ipv6_address": "",
            "define_connection_info": true,
            "desc": "",
            "disk": [
              {
                "asyncio": "",
                "backup": true,
                "cache": "",
                "discard": false,
                "disk_file": "",
                "emulatessd": false,
                "format": "raw",
                "id": 0,
                "iops_r_burst": 0,
                "iops_r_burst_length": 0,
                "iops_r_concurrent": 0,
                "iops_wr_burst": 0,
                "iops_wr_burst_length": 0,
                "iops_wr_concurrent": 0,
                "iothread": false,
                "iso": "",
                "linked_disk_id": -1,
                "mbps_r_burst": 0,
                "mbps_r_concurrent": 0,
                "mbps_wr_burst": 0,
                "mbps_wr_concurrent": 0,
                "passthrough": false,
                "readonly": false,
                "replicate": false,
                "serial": "",
                "size": "20G",
                "slot": "scsi0",
                "storage": "vmdata",
                "type": "disk",
                "wwn": ""
              }
            ],
            "disks": [],
            "efidisk": [],
            "force_create": false,
            "force_recreate_on_change_of": null,
            "full_clone": true,
            "hagroup": "",
            "hastate": "",
            "hostpci": [],
            "hotplug": "network,disk,usb",
            "id": "sd-177086/qemu/102",
            "ipconfig0": "ip=10.0.0.12/24,gw=10.0.0.1",
            "ipconfig1": null,
            "ipconfig10": null,
            "ipconfig11": null,
            "ipconfig12": null,
            "ipconfig13": null,
            "ipconfig14": null,
            "ipconfig15": null,
            "ipconfig2": null,
            "ipconfig3": null,
            "ipconfig4": null,
            "ipconfig5": null,
            "ipconfig6": null,
            "ipconfig7": null,
            "ipconfig8": null,
            "ipconfig9": null,
            "kvm": true,
            "linked_vmid": 0,
            "machine": "",
            "memory": 4096,
            "name": "k8s-worker2",
            "nameserver": null,
            "network": [
              {
                "bridge": "vmbr1",
                "firewall": false,
                "link_down": false,
                "macaddr": "56:F4:0B:C7:D1:8C",
                "model": "virtio",
                "mtu": 0,
                "queues": 0,
                "rate": 0,
                "tag": -1
              }
            ],
            "numa": false,
            "onboot": false,
            "os_network_config": null,
            "os_type": "cloud-init",
            "pool": "",
            "protection": false,
            "pxe": null,
            "qemu_os": "other",
            "reboot_required": false,
            "scsihw": "virtio-scsi-pci",
            "searchdomain": null,
            "serial": [],
            "skip_ipv4": false,
            "skip_ipv6": false,
            "smbios": [
              {
                "family": "",
                "manufacturer": "",
                "product": "",
                "serial": "",
                "sku": "",
                "uuid": "9db5c78f-cb5c-4c7e-9220-e449578e4b24",
                "version": ""
              }
            ],
            "sockets": 1,
            "ssh_forward_ip": null,
            "ssh_host": "10.0.0.12",
            "ssh_port": "22",
            "ssh_private_key": null,
            "ssh_user": null,
            "sshkeys": "ssh-rsa AAAAB3NzaC1yc2EAAAADAQABAAACAQD0w69TyNL+3tAE1R1SDgqm3uWixagRSjW4mkyWe1cfQSDJP9Vdo4eiXaMiHSdXEIZQOtb0GIfVd0cvcYXWRil915Cnaka4oto7bHupBOpvxUsJ4tTY1KJw/PsWQd36Ls14L9Phs8yydnKvW3gUV470AipD3JSFtdbH3tx8DKdR42KxJH9YQ7yGTOAWjUBsdlBNVPD6dCOkKbxjEmShF0Rf0mkBBkg7LclK1AzRH0lOh7HySGl/8sS3T9IKThssLYTc2cjWrGIK2fowabbKZYLggzyQU4C746zNjGo7hQ3M/kbS5b3xeRvHpDLVmnyBz7EOeRv+WDN02lXj39OUWO16z3tnWtRDMfa3qkia0DMAdeud06rOcCjOGsksIPkZYkqDxiekw4j54GozFmeGPLvEglGBJ/+j3YubBWNIFVcWigmLh5PfKED2OTl8gBix/j00Czcq7OZYecwrI385EXi984OESASEhDAiz8uI1cHRWJZ40c7SAUeR1TO5pcoitXWYiIlf0w9m9sJZOOH8Tjc4PINQYMQ4c23ZDL8QpRVLy0zgBmWzFZwyJGr/Yub+50gyOylFJmLVhazk2ILRx83BqbcTHh+GmMw5aJdGyK3t7ujw0zi/tQB11IGpMOj9EcCy58G7SdRS77WmGySLdCW7rmwei2k2snsPtzMrn/fjOw== devops-projet\n",
            "startup": "",
            "tablet": true,
            "tags": "",
            "target_node": "sd-177086",
            "target_nodes": null,
            "timeouts": null,
            "unused_disk": [],
            "usb": [],
            "vcpus": 0,
            "vga": [],
            "vm_state": "running",
            "vmid": 102
          },
          "sensitive_attributes": [],
          "private": "eyJlMmJmYjczMC1lY2FhLTExZTYtOGY4OC0zNDM2M2JjN2M0YzAiOnsiY3JlYXRlIjoxMjAwMDAwMDAwMDAwLCJkZWZhdWx0IjoxMjAwMDAwMDAwMDAwLCJkZWxldGUiOjEyMDAwMDAwMDAwMDAsInJlYWQiOjEyMDAwMDAwMDAwMDAsInVwZGF0ZSI6MTIwMDAwMDAwMDAwMH19",
          "dependencies": [
            "proxmox_vm_qemu.k8s-master",
            "proxmox_vm_qemu.k8s-worker1"
          ]
        }
      ]
    }
  ],
  "check_results": null
}
